// !$*UTF8*$!
{
	archiveVersion = 1;
	classes = {
	};
	objectVersion = 56;
	objects = {

/* Begin PBXBuildFile section */
		FF7B24D928B920400078572E /* NewFood.swift in Sources */ = {isa = PBXBuildFile; fileRef = FF7B24D828B920400078572E /* NewFood.swift */; };
		FF86D5E728B3F51D00815F4A /* CoreDataManager.swift in Sources */ = {isa = PBXBuildFile; fileRef = FF86D5E628B3F51D00815F4A /* CoreDataManager.swift */; };
		FF86D5E928B495D700815F4A /* ItemList.swift in Sources */ = {isa = PBXBuildFile; fileRef = FF86D5E828B495D700815F4A /* ItemList.swift */; };
		FF86D5EB28B549E600815F4A /* EmojiPicker.swift in Sources */ = {isa = PBXBuildFile; fileRef = FF86D5EA28B549E600815F4A /* EmojiPicker.swift */; };
		FF99A3BA28A29BD500B97E0E /* Data controller.swift in Sources */ = {isa = PBXBuildFile; fileRef = FF99A3B928A29BD500B97E0E /* Data controller.swift */; };
		FF99A3BC28A5716600B97E0E /* NotificationManager.swift in Sources */ = {isa = PBXBuildFile; fileRef = FF99A3BB28A5716600B97E0E /* NotificationManager.swift */; };
		FF99A3C028A8F70200B97E0E /* Tab.swift in Sources */ = {isa = PBXBuildFile; fileRef = FF99A3BF28A8F70200B97E0E /* Tab.swift */; };
		FF99A3C228A8FD3100B97E0E /* Notifications.swift in Sources */ = {isa = PBXBuildFile; fileRef = FF99A3C128A8FD3100B97E0E /* Notifications.swift */; };
		FF99A3C428AD65A500B97E0E /* ItemDetail.swift in Sources */ = {isa = PBXBuildFile; fileRef = FF99A3C328AD65A500B97E0E /* ItemDetail.swift */; };
		FFC0A8F6289C26EB006E417C /* BestBeforeApp.swift in Sources */ = {isa = PBXBuildFile; fileRef = FFC0A8F5289C26EB006E417C /* BestBeforeApp.swift */; };
		FFC0A8F8289C26EB006E417C /* ContentView.swift in Sources */ = {isa = PBXBuildFile; fileRef = FFC0A8F7289C26EB006E417C /* ContentView.swift */; };
		FFC0A8FA289C26EF006E417C /* Assets.xcassets in Resources */ = {isa = PBXBuildFile; fileRef = FFC0A8F9289C26EF006E417C /* Assets.xcassets */; };
		FFC0A8FD289C26EF006E417C /* Preview Assets.xcassets in Resources */ = {isa = PBXBuildFile; fileRef = FFC0A8FC289C26EF006E417C /* Preview Assets.xcassets */; };
		FFC0A902289C26EF006E417C /* BestBefore.xcdatamodeld in Sources */ = {isa = PBXBuildFile; fileRef = FFC0A900289C26EF006E417C /* BestBefore.xcdatamodeld */; };
		FFC0A90C289C26EF006E417C /* BestBeforeTests.swift in Sources */ = {isa = PBXBuildFile; fileRef = FFC0A90B289C26EF006E417C /* BestBeforeTests.swift */; };
		FFC0A916289C26EF006E417C /* BestBeforeUITests.swift in Sources */ = {isa = PBXBuildFile; fileRef = FFC0A915289C26EF006E417C /* BestBeforeUITests.swift */; };
		FFC0A918289C26EF006E417C /* BestBeforeUITestsLaunchTests.swift in Sources */ = {isa = PBXBuildFile; fileRef = FFC0A917289C26EF006E417C /* BestBeforeUITestsLaunchTests.swift */; };
		FFC0A927289C29BB006E417C /* Home.swift in Sources */ = {isa = PBXBuildFile; fileRef = FFC0A926289C29BB006E417C /* Home.swift */; };
		FFC0A929289C2A16006E417C /* itemViewModel.swift in Sources */ = {isa = PBXBuildFile; fileRef = FFC0A928289C2A16006E417C /* itemViewModel.swift */; };
/* End PBXBuildFile section */

/* Begin PBXContainerItemProxy section */
		FFC0A908289C26EF006E417C /* PBXContainerItemProxy */ = {
			isa = PBXContainerItemProxy;
			containerPortal = FFC0A8EA289C26EB006E417C /* Project object */;
			proxyType = 1;
			remoteGlobalIDString = FFC0A8F1289C26EB006E417C;
			remoteInfo = BestBefore;
		};
		FFC0A912289C26EF006E417C /* PBXContainerItemProxy */ = {
			isa = PBXContainerItemProxy;
			containerPortal = FFC0A8EA289C26EB006E417C /* Project object */;
			proxyType = 1;
			remoteGlobalIDString = FFC0A8F1289C26EB006E417C;
			remoteInfo = BestBefore;
		};
/* End PBXContainerItemProxy section */

/* Begin PBXFileReference section */
		FF7B24D828B920400078572E /* NewFood.swift */ = {isa = PBXFileReference; lastKnownFileType = sourcecode.swift; path = NewFood.swift; sourceTree = "<group>"; };
		FF86D5E628B3F51D00815F4A /* CoreDataManager.swift */ = {isa = PBXFileReference; lastKnownFileType = sourcecode.swift; path = CoreDataManager.swift; sourceTree = "<group>"; };
		FF86D5E828B495D700815F4A /* ItemList.swift */ = {isa = PBXFileReference; lastKnownFileType = sourcecode.swift; path = ItemList.swift; sourceTree = "<group>"; };
		FF86D5EA28B549E600815F4A /* EmojiPicker.swift */ = {isa = PBXFileReference; lastKnownFileType = sourcecode.swift; path = EmojiPicker.swift; sourceTree = "<group>"; };
		FF99A3B928A29BD500B97E0E /* Data controller.swift */ = {isa = PBXFileReference; lastKnownFileType = sourcecode.swift; path = "Data controller.swift"; sourceTree = "<group>"; };
		FF99A3BB28A5716600B97E0E /* NotificationManager.swift */ = {isa = PBXFileReference; lastKnownFileType = sourcecode.swift; path = NotificationManager.swift; sourceTree = "<group>"; };
		FF99A3BF28A8F70200B97E0E /* Tab.swift */ = {isa = PBXFileReference; lastKnownFileType = sourcecode.swift; path = Tab.swift; sourceTree = "<group>"; };
		FF99A3C128A8FD3100B97E0E /* Notifications.swift */ = {isa = PBXFileReference; lastKnownFileType = sourcecode.swift; path = Notifications.swift; sourceTree = "<group>"; };
		FF99A3C328AD65A500B97E0E /* ItemDetail.swift */ = {isa = PBXFileReference; lastKnownFileType = sourcecode.swift; path = ItemDetail.swift; sourceTree = "<group>"; };
		FFC0A8F2289C26EB006E417C /* BestBefore.app */ = {isa = PBXFileReference; explicitFileType = wrapper.application; includeInIndex = 0; path = BestBefore.app; sourceTree = BUILT_PRODUCTS_DIR; };
		FFC0A8F5289C26EB006E417C /* BestBeforeApp.swift */ = {isa = PBXFileReference; lastKnownFileType = sourcecode.swift; path = BestBeforeApp.swift; sourceTree = "<group>"; };
		FFC0A8F7289C26EB006E417C /* ContentView.swift */ = {isa = PBXFileReference; lastKnownFileType = sourcecode.swift; path = ContentView.swift; sourceTree = "<group>"; };
		FFC0A8F9289C26EF006E417C /* Assets.xcassets */ = {isa = PBXFileReference; lastKnownFileType = folder.assetcatalog; path = Assets.xcassets; sourceTree = "<group>"; };
		FFC0A8FC289C26EF006E417C /* Preview Assets.xcassets */ = {isa = PBXFileReference; lastKnownFileType = folder.assetcatalog; path = "Preview Assets.xcassets"; sourceTree = "<group>"; };
		FFC0A901289C26EF006E417C /* BestBefore.xcdatamodel */ = {isa = PBXFileReference; lastKnownFileType = wrapper.xcdatamodel; path = BestBefore.xcdatamodel; sourceTree = "<group>"; };
		FFC0A907289C26EF006E417C /* BestBeforeTests.xctest */ = {isa = PBXFileReference; explicitFileType = wrapper.cfbundle; includeInIndex = 0; path = BestBeforeTests.xctest; sourceTree = BUILT_PRODUCTS_DIR; };
		FFC0A90B289C26EF006E417C /* BestBeforeTests.swift */ = {isa = PBXFileReference; lastKnownFileType = sourcecode.swift; path = BestBeforeTests.swift; sourceTree = "<group>"; };
		FFC0A911289C26EF006E417C /* BestBeforeUITests.xctest */ = {isa = PBXFileReference; explicitFileType = wrapper.cfbundle; includeInIndex = 0; path = BestBeforeUITests.xctest; sourceTree = BUILT_PRODUCTS_DIR; };
		FFC0A915289C26EF006E417C /* BestBeforeUITests.swift */ = {isa = PBXFileReference; lastKnownFileType = sourcecode.swift; path = BestBeforeUITests.swift; sourceTree = "<group>"; };
		FFC0A917289C26EF006E417C /* BestBeforeUITestsLaunchTests.swift */ = {isa = PBXFileReference; lastKnownFileType = sourcecode.swift; path = BestBeforeUITestsLaunchTests.swift; sourceTree = "<group>"; };
		FFC0A926289C29BB006E417C /* Home.swift */ = {isa = PBXFileReference; lastKnownFileType = sourcecode.swift; path = Home.swift; sourceTree = "<group>"; };
		FFC0A928289C2A16006E417C /* itemViewModel.swift */ = {isa = PBXFileReference; lastKnownFileType = sourcecode.swift; path = itemViewModel.swift; sourceTree = "<group>"; };
/* End PBXFileReference section */

/* Begin PBXFrameworksBuildPhase section */
		FFC0A8EF289C26EB006E417C /* Frameworks */ = {
			isa = PBXFrameworksBuildPhase;
			buildActionMask = 2147483647;
			files = (
			);
			runOnlyForDeploymentPostprocessing = 0;
		};
		FFC0A904289C26EF006E417C /* Frameworks */ = {
			isa = PBXFrameworksBuildPhase;
			buildActionMask = 2147483647;
			files = (
			);
			runOnlyForDeploymentPostprocessing = 0;
		};
		FFC0A90E289C26EF006E417C /* Frameworks */ = {
			isa = PBXFrameworksBuildPhase;
			buildActionMask = 2147483647;
			files = (
			);
			runOnlyForDeploymentPostprocessing = 0;
		};
/* End PBXFrameworksBuildPhase section */

/* Begin PBXGroup section */
		FF86D5E528B3F50300815F4A /* Helper */ = {
			isa = PBXGroup;
			children = (
				FF86D5E628B3F51D00815F4A /* CoreDataManager.swift */,
				FF86D5EA28B549E600815F4A /* EmojiPicker.swift */,
			);
			path = Helper;
			sourceTree = "<group>";
		};
		FFC0A8E9289C26EB006E417C = {
			isa = PBXGroup;
			children = (
				FFC0A8F4289C26EB006E417C /* BestBefore */,
				FFC0A90A289C26EF006E417C /* BestBeforeTests */,
				FFC0A914289C26EF006E417C /* BestBeforeUITests */,
				FFC0A8F3289C26EB006E417C /* Products */,
			);
			sourceTree = "<group>";
		};
		FFC0A8F3289C26EB006E417C /* Products */ = {
			isa = PBXGroup;
			children = (
				FFC0A8F2289C26EB006E417C /* BestBefore.app */,
				FFC0A907289C26EF006E417C /* BestBeforeTests.xctest */,
				FFC0A911289C26EF006E417C /* BestBeforeUITests.xctest */,
			);
			name = Products;
			sourceTree = "<group>";
		};
		FFC0A8F4289C26EB006E417C /* BestBefore */ = {
			isa = PBXGroup;
			children = (
				FF86D5E528B3F50300815F4A /* Helper */,
				FFC0A8F5289C26EB006E417C /* BestBeforeApp.swift */,
				FFC0A924289C2955006E417C /* View */,
				FFC0A925289C295D006E417C /* ViewModel */,
				FFC0A8F9289C26EF006E417C /* Assets.xcassets */,
				FFC0A900289C26EF006E417C /* BestBefore.xcdatamodeld */,
				FFC0A8FB289C26EF006E417C /* Preview Content */,
				FF99A3B928A29BD500B97E0E /* Data controller.swift */,
			);
			path = BestBefore;
			sourceTree = "<group>";
		};
		FFC0A8FB289C26EF006E417C /* Preview Content */ = {
			isa = PBXGroup;
			children = (
				FFC0A8FC289C26EF006E417C /* Preview Assets.xcassets */,
			);
			path = "Preview Content";
			sourceTree = "<group>";
		};
		FFC0A90A289C26EF006E417C /* BestBeforeTests */ = {
			isa = PBXGroup;
			children = (
				FFC0A90B289C26EF006E417C /* BestBeforeTests.swift */,
			);
			path = BestBeforeTests;
			sourceTree = "<group>";
		};
		FFC0A914289C26EF006E417C /* BestBeforeUITests */ = {
			isa = PBXGroup;
			children = (
				FFC0A915289C26EF006E417C /* BestBeforeUITests.swift */,
				FFC0A917289C26EF006E417C /* BestBeforeUITestsLaunchTests.swift */,
			);
			path = BestBeforeUITests;
			sourceTree = "<group>";
		};
		FFC0A924289C2955006E417C /* View */ = {
			isa = PBXGroup;
			children = (
				FFC0A8F7289C26EB006E417C /* ContentView.swift */,
				FFC0A926289C29BB006E417C /* Home.swift */,
				FF86D5E828B495D700815F4A /* ItemList.swift */,
				FF99A3C328AD65A500B97E0E /* ItemDetail.swift */,
				FF99A3BF28A8F70200B97E0E /* Tab.swift */,
				FF99A3C128A8FD3100B97E0E /* Notifications.swift */,
				FF7B24D828B920400078572E /* NewFood.swift */,
			);
			path = View;
			sourceTree = "<group>";
		};
		FFC0A925289C295D006E417C /* ViewModel */ = {
			isa = PBXGroup;
			children = (
				FF99A3BB28A5716600B97E0E /* NotificationManager.swift */,
				FFC0A928289C2A16006E417C /* itemViewModel.swift */,
			);
			path = ViewModel;
			sourceTree = "<group>";
		};
/* End PBXGroup section */

/* Begin PBXNativeTarget section */
		FFC0A8F1289C26EB006E417C /* BestBefore */ = {
			isa = PBXNativeTarget;
			buildConfigurationList = FFC0A91B289C26EF006E417C /* Build configuration list for PBXNativeTarget "BestBefore" */;
			buildPhases = (
				FFC0A8EE289C26EB006E417C /* Sources */,
				FFC0A8EF289C26EB006E417C /* Frameworks */,
				FFC0A8F0289C26EB006E417C /* Resources */,
			);
			buildRules = (
			);
			dependencies = (
			);
			name = BestBefore;
			productName = BestBefore;
			productReference = FFC0A8F2289C26EB006E417C /* BestBefore.app */;
			productType = "com.apple.product-type.application";
		};
		FFC0A906289C26EF006E417C /* BestBeforeTests */ = {
			isa = PBXNativeTarget;
			buildConfigurationList = FFC0A91E289C26EF006E417C /* Build configuration list for PBXNativeTarget "BestBeforeTests" */;
			buildPhases = (
				FFC0A903289C26EF006E417C /* Sources */,
				FFC0A904289C26EF006E417C /* Frameworks */,
				FFC0A905289C26EF006E417C /* Resources */,
			);
			buildRules = (
			);
			dependencies = (
				FFC0A909289C26EF006E417C /* PBXTargetDependency */,
			);
			name = BestBeforeTests;
			productName = BestBeforeTests;
			productReference = FFC0A907289C26EF006E417C /* BestBeforeTests.xctest */;
			productType = "com.apple.product-type.bundle.unit-test";
		};
		FFC0A910289C26EF006E417C /* BestBeforeUITests */ = {
			isa = PBXNativeTarget;
			buildConfigurationList = FFC0A921289C26EF006E417C /* Build configuration list for PBXNativeTarget "BestBeforeUITests" */;
			buildPhases = (
				FFC0A90D289C26EF006E417C /* Sources */,
				FFC0A90E289C26EF006E417C /* Frameworks */,
				FFC0A90F289C26EF006E417C /* Resources */,
			);
			buildRules = (
			);
			dependencies = (
				FFC0A913289C26EF006E417C /* PBXTargetDependency */,
			);
			name = BestBeforeUITests;
			productName = BestBeforeUITests;
			productReference = FFC0A911289C26EF006E417C /* BestBeforeUITests.xctest */;
			productType = "com.apple.product-type.bundle.ui-testing";
		};
/* End PBXNativeTarget section */

/* Begin PBXProject section */
		FFC0A8EA289C26EB006E417C /* Project object */ = {
			isa = PBXProject;
			attributes = {
				BuildIndependentTargetsInParallel = 1;
				LastSwiftUpdateCheck = 1400;
				LastUpgradeCheck = 1400;
				TargetAttributes = {
					FFC0A8F1289C26EB006E417C = {
						CreatedOnToolsVersion = 14.0;
					};
					FFC0A906289C26EF006E417C = {
						CreatedOnToolsVersion = 14.0;
						TestTargetID = FFC0A8F1289C26EB006E417C;
					};
					FFC0A910289C26EF006E417C = {
						CreatedOnToolsVersion = 14.0;
						TestTargetID = FFC0A8F1289C26EB006E417C;
					};
				};
			};
			buildConfigurationList = FFC0A8ED289C26EB006E417C /* Build configuration list for PBXProject "BestBefore" */;
			compatibilityVersion = "Xcode 14.0";
			developmentRegion = en;
			hasScannedForEncodings = 0;
			knownRegions = (
				en,
				Base,
			);
			mainGroup = FFC0A8E9289C26EB006E417C;
			productRefGroup = FFC0A8F3289C26EB006E417C /* Products */;
			projectDirPath = "";
			projectRoot = "";
			targets = (
				FFC0A8F1289C26EB006E417C /* BestBefore */,
				FFC0A906289C26EF006E417C /* BestBeforeTests */,
				FFC0A910289C26EF006E417C /* BestBeforeUITests */,
			);
		};
/* End PBXProject section */

/* Begin PBXResourcesBuildPhase section */
		FFC0A8F0289C26EB006E417C /* Resources */ = {
			isa = PBXResourcesBuildPhase;
			buildActionMask = 2147483647;
			files = (
				FFC0A8FD289C26EF006E417C /* Preview Assets.xcassets in Resources */,
				FFC0A8FA289C26EF006E417C /* Assets.xcassets in Resources */,
			);
			runOnlyForDeploymentPostprocessing = 0;
		};
		FFC0A905289C26EF006E417C /* Resources */ = {
			isa = PBXResourcesBuildPhase;
			buildActionMask = 2147483647;
			files = (
			);
			runOnlyForDeploymentPostprocessing = 0;
		};
		FFC0A90F289C26EF006E417C /* Resources */ = {
			isa = PBXResourcesBuildPhase;
			buildActionMask = 2147483647;
			files = (
			);
			runOnlyForDeploymentPostprocessing = 0;
		};
/* End PBXResourcesBuildPhase section */

/* Begin PBXSourcesBuildPhase section */
		FFC0A8EE289C26EB006E417C /* Sources */ = {
			isa = PBXSourcesBuildPhase;
			buildActionMask = 2147483647;
			files = (
				FF99A3C228A8FD3100B97E0E /* Notifications.swift in Sources */,
				FF99A3C428AD65A500B97E0E /* ItemDetail.swift in Sources */,
				FFC0A902289C26EF006E417C /* BestBefore.xcdatamodeld in Sources */,
				FFC0A927289C29BB006E417C /* Home.swift in Sources */,
				FF7B24D928B920400078572E /* NewFood.swift in Sources */,
				FFC0A929289C2A16006E417C /* itemViewModel.swift in Sources */,
				FF86D5EB28B549E600815F4A /* EmojiPicker.swift in Sources */,
				FFC0A8F8289C26EB006E417C /* ContentView.swift in Sources */,
				FF86D5E728B3F51D00815F4A /* CoreDataManager.swift in Sources */,
				FF99A3BA28A29BD500B97E0E /* Data controller.swift in Sources */,
				FF86D5E928B495D700815F4A /* ItemList.swift in Sources */,
				FF99A3C028A8F70200B97E0E /* Tab.swift in Sources */,
				FF99A3BC28A5716600B97E0E /* NotificationManager.swift in Sources */,
				FFC0A8F6289C26EB006E417C /* BestBeforeApp.swift in Sources */,
			);
			runOnlyForDeploymentPostprocessing = 0;
		};
		FFC0A903289C26EF006E417C /* Sources */ = {
			isa = PBXSourcesBuildPhase;
			buildActionMask = 2147483647;
			files = (
				FFC0A90C289C26EF006E417C /* BestBeforeTests.swift in Sources */,
			);
			runOnlyForDeploymentPostprocessing = 0;
		};
		FFC0A90D289C26EF006E417C /* Sources */ = {
			isa = PBXSourcesBuildPhase;
			buildActionMask = 2147483647;
			files = (
				FFC0A916289C26EF006E417C /* BestBeforeUITests.swift in Sources */,
				FFC0A918289C26EF006E417C /* BestBeforeUITestsLaunchTests.swift in Sources */,
			);
			runOnlyForDeploymentPostprocessing = 0;
		};
/* End PBXSourcesBuildPhase section */

/* Begin PBXTargetDependency section */
		FFC0A909289C26EF006E417C /* PBXTargetDependency */ = {
			isa = PBXTargetDependency;
			target = FFC0A8F1289C26EB006E417C /* BestBefore */;
			targetProxy = FFC0A908289C26EF006E417C /* PBXContainerItemProxy */;
		};
		FFC0A913289C26EF006E417C /* PBXTargetDependency */ = {
			isa = PBXTargetDependency;
			target = FFC0A8F1289C26EB006E417C /* BestBefore */;
			targetProxy = FFC0A912289C26EF006E417C /* PBXContainerItemProxy */;
		};
/* End PBXTargetDependency section */

/* Begin XCBuildConfiguration section */
		FFC0A919289C26EF006E417C /* Debug */ = {
			isa = XCBuildConfiguration;
			buildSettings = {
				ALWAYS_SEARCH_USER_PATHS = NO;
				CLANG_ANALYZER_NONNULL = YES;
				CLANG_ANALYZER_NUMBER_OBJECT_CONVERSION = YES_AGGRESSIVE;
				CLANG_CXX_LANGUAGE_STANDARD = "gnu++17";
				CLANG_ENABLE_MODULES = YES;
				CLANG_ENABLE_OBJC_ARC = YES;
				CLANG_ENABLE_OBJC_WEAK = YES;
				CLANG_WARN_BLOCK_CAPTURE_AUTORELEASING = YES;
				CLANG_WARN_BOOL_CONVERSION = YES;
				CLANG_WARN_COMMA = YES;
				CLANG_WARN_CONSTANT_CONVERSION = YES;
				CLANG_WARN_DEPRECATED_OBJC_IMPLEMENTATIONS = YES;
				CLANG_WARN_DIRECT_OBJC_ISA_USAGE = YES_ERROR;
				CLANG_WARN_DOCUMENTATION_COMMENTS = YES;
				CLANG_WARN_EMPTY_BODY = YES;
				CLANG_WARN_ENUM_CONVERSION = YES;
				CLANG_WARN_INFINITE_RECURSION = YES;
				CLANG_WARN_INT_CONVERSION = YES;
				CLANG_WARN_NON_LITERAL_NULL_CONVERSION = YES;
				CLANG_WARN_OBJC_IMPLICIT_RETAIN_SELF = YES;
				CLANG_WARN_OBJC_LITERAL_CONVERSION = YES;
				CLANG_WARN_OBJC_ROOT_CLASS = YES_ERROR;
				CLANG_WARN_QUOTED_INCLUDE_IN_FRAMEWORK_HEADER = YES;
				CLANG_WARN_RANGE_LOOP_ANALYSIS = YES;
				CLANG_WARN_STRICT_PROTOTYPES = YES;
				CLANG_WARN_SUSPICIOUS_MOVE = YES;
				CLANG_WARN_UNGUARDED_AVAILABILITY = YES_AGGRESSIVE;
				CLANG_WARN_UNREACHABLE_CODE = YES;
				CLANG_WARN__DUPLICATE_METHOD_MATCH = YES;
				COPY_PHASE_STRIP = NO;
				DEBUG_INFORMATION_FORMAT = dwarf;
				ENABLE_STRICT_OBJC_MSGSEND = YES;
				ENABLE_TESTABILITY = YES;
				GCC_C_LANGUAGE_STANDARD = gnu11;
				GCC_DYNAMIC_NO_PIC = NO;
				GCC_NO_COMMON_BLOCKS = YES;
				GCC_OPTIMIZATION_LEVEL = 0;
				GCC_PREPROCESSOR_DEFINITIONS = (
					"DEBUG=1",
					"$(inherited)",
				);
				GCC_WARN_64_TO_32_BIT_CONVERSION = YES;
				GCC_WARN_ABOUT_RETURN_TYPE = YES_ERROR;
				GCC_WARN_UNDECLARED_SELECTOR = YES;
				GCC_WARN_UNINITIALIZED_AUTOS = YES_AGGRESSIVE;
				GCC_WARN_UNUSED_FUNCTION = YES;
				GCC_WARN_UNUSED_VARIABLE = YES;
				IPHONEOS_DEPLOYMENT_TARGET = 16.0;
				MTL_ENABLE_DEBUG_INFO = INCLUDE_SOURCE;
				MTL_FAST_MATH = YES;
				ONLY_ACTIVE_ARCH = YES;
				SDKROOT = iphoneos;
				SWIFT_ACTIVE_COMPILATION_CONDITIONS = DEBUG;
				SWIFT_OPTIMIZATION_LEVEL = "-Onone";
			};
			name = Debug;
		};
		FFC0A91A289C26EF006E417C /* Release */ = {
			isa = XCBuildConfiguration;
			buildSettings = {
				ALWAYS_SEARCH_USER_PATHS = NO;
				CLANG_ANALYZER_NONNULL = YES;
				CLANG_ANALYZER_NUMBER_OBJECT_CONVERSION = YES_AGGRESSIVE;
				CLANG_CXX_LANGUAGE_STANDARD = "gnu++17";
				CLANG_ENABLE_MODULES = YES;
				CLANG_ENABLE_OBJC_ARC = YES;
				CLANG_ENABLE_OBJC_WEAK = YES;
				CLANG_WARN_BLOCK_CAPTURE_AUTORELEASING = YES;
				CLANG_WARN_BOOL_CONVERSION = YES;
				CLANG_WARN_COMMA = YES;
				CLANG_WARN_CONSTANT_CONVERSION = YES;
				CLANG_WARN_DEPRECATED_OBJC_IMPLEMENTATIONS = YES;
				CLANG_WARN_DIRECT_OBJC_ISA_USAGE = YES_ERROR;
				CLANG_WARN_DOCUMENTATION_COMMENTS = YES;
				CLANG_WARN_EMPTY_BODY = YES;
				CLANG_WARN_ENUM_CONVERSION = YES;
				CLANG_WARN_INFINITE_RECURSION = YES;
				CLANG_WARN_INT_CONVERSION = YES;
				CLANG_WARN_NON_LITERAL_NULL_CONVERSION = YES;
				CLANG_WARN_OBJC_IMPLICIT_RETAIN_SELF = YES;
				CLANG_WARN_OBJC_LITERAL_CONVERSION = YES;
				CLANG_WARN_OBJC_ROOT_CLASS = YES_ERROR;
				CLANG_WARN_QUOTED_INCLUDE_IN_FRAMEWORK_HEADER = YES;
				CLANG_WARN_RANGE_LOOP_ANALYSIS = YES;
				CLANG_WARN_STRICT_PROTOTYPES = YES;
				CLANG_WARN_SUSPICIOUS_MOVE = YES;
				CLANG_WARN_UNGUARDED_AVAILABILITY = YES_AGGRESSIVE;
				CLANG_WARN_UNREACHABLE_CODE = YES;
				CLANG_WARN__DUPLICATE_METHOD_MATCH = YES;
				COPY_PHASE_STRIP = NO;
				DEBUG_INFORMATION_FORMAT = "dwarf-with-dsym";
				ENABLE_NS_ASSERTIONS = NO;
				ENABLE_STRICT_OBJC_MSGSEND = YES;
				GCC_C_LANGUAGE_STANDARD = gnu11;
				GCC_NO_COMMON_BLOCKS = YES;
				GCC_WARN_64_TO_32_BIT_CONVERSION = YES;
				GCC_WARN_ABOUT_RETURN_TYPE = YES_ERROR;
				GCC_WARN_UNDECLARED_SELECTOR = YES;
				GCC_WARN_UNINITIALIZED_AUTOS = YES_AGGRESSIVE;
				GCC_WARN_UNUSED_FUNCTION = YES;
				GCC_WARN_UNUSED_VARIABLE = YES;
				IPHONEOS_DEPLOYMENT_TARGET = 16.0;
				MTL_ENABLE_DEBUG_INFO = NO;
				MTL_FAST_MATH = YES;
				SDKROOT = iphoneos;
				SWIFT_COMPILATION_MODE = wholemodule;
				SWIFT_OPTIMIZATION_LEVEL = "-O";
				VALIDATE_PRODUCT = YES;
			};
			name = Release;
		};
		FFC0A91C289C26EF006E417C /* Debug */ = {
			isa = XCBuildConfiguration;
			buildSettings = {
				ASSETCATALOG_COMPILER_APPICON_NAME = AppIcon;
				ASSETCATALOG_COMPILER_GLOBAL_ACCENT_COLOR_NAME = AccentColor;
				CODE_SIGN_STYLE = Automatic;
				CURRENT_PROJECT_VERSION = 1;
				DEVELOPMENT_ASSET_PATHS = "\"BestBefore/Preview Content\"";
				ENABLE_PREVIEWS = YES;
				GENERATE_INFOPLIST_FILE = YES;
				INFOPLIST_KEY_UIApplicationSceneManifest_Generation = YES;
				INFOPLIST_KEY_UIApplicationSupportsIndirectInputEvents = YES;
				INFOPLIST_KEY_UILaunchScreen_Generation = YES;
				INFOPLIST_KEY_UISupportedInterfaceOrientations_iPad = "UIInterfaceOrientationPortrait UIInterfaceOrientationPortraitUpsideDown UIInterfaceOrientationLandscapeLeft UIInterfaceOrientationLandscapeRight";
				INFOPLIST_KEY_UISupportedInterfaceOrientations_iPhone = "UIInterfaceOrientationPortrait UIInterfaceOrientationLandscapeLeft UIInterfaceOrientationLandscapeRight";
				LD_RUNPATH_SEARCH_PATHS = (
					"$(inherited)",
					"@executable_path/Frameworks",
				);
				MARKETING_VERSION = 1.0;
				PRODUCT_BUNDLE_IDENTIFIER = "Victor-Kabike.BestBefore";
				PRODUCT_NAME = "$(TARGET_NAME)";
				SWIFT_EMIT_LOC_STRINGS = YES;
				SWIFT_VERSION = 5.0;
				TARGETED_DEVICE_FAMILY = "1,2";
			};
			name = Debug;
		};
		FFC0A91D289C26EF006E417C /* Release */ = {
			isa = XCBuildConfiguration;
			buildSettings = {
				ASSETCATALOG_COMPILER_APPICON_NAME = AppIcon;
				ASSETCATALOG_COMPILER_GLOBAL_ACCENT_COLOR_NAME = AccentColor;
				CODE_SIGN_STYLE = Automatic;
				CURRENT_PROJECT_VERSION = 1;
				DEVELOPMENT_ASSET_PATHS = "\"BestBefore/Preview Content\"";
				ENABLE_PREVIEWS = YES;
				GENERATE_INFOPLIST_FILE = YES;
				INFOPLIST_KEY_UIApplicationSceneManifest_Generation = YES;
				INFOPLIST_KEY_UIApplicationSupportsIndirectInputEvents = YES;
				INFOPLIST_KEY_UILaunchScreen_Generation = YES;
				INFOPLIST_KEY_UISupportedInterfaceOrientations_iPad = "UIInterfaceOrientationPortrait UIInterfaceOrientationPortraitUpsideDown UIInterfaceOrientationLandscapeLeft UIInterfaceOrientationLandscapeRight";
				INFOPLIST_KEY_UISupportedInterfaceOrientations_iPhone = "UIInterfaceOrientationPortrait UIInterfaceOrientationLandscapeLeft UIInterfaceOrientationLandscapeRight";
				LD_RUNPATH_SEARCH_PATHS = (
					"$(inherited)",
					"@executable_path/Frameworks",
				);
				MARKETING_VERSION = 1.0;
				PRODUCT_BUNDLE_IDENTIFIER = "Victor-Kabike.BestBefore";
				PRODUCT_NAME = "$(TARGET_NAME)";
				SWIFT_EMIT_LOC_STRINGS = YES;
				SWIFT_VERSION = 5.0;
				TARGETED_DEVICE_FAMILY = "1,2";
			};
			name = Release;
		};
		FFC0A91F289C26EF006E417C /* Debug */ = {
			isa = XCBuildConfiguration;
			buildSettings = {
				ALWAYS_EMBED_SWIFT_STANDARD_LIBRARIES = YES;
				BUNDLE_LOADER = "$(TEST_HOST)";
				CODE_SIGN_STYLE = Automatic;
				CURRENT_PROJECT_VERSION = 1;
				GENERATE_INFOPLIST_FILE = YES;
				IPHONEOS_DEPLOYMENT_TARGET = 16.0;
				MARKETING_VERSION = 1.0;
				PRODUCT_BUNDLE_IDENTIFIER = "Victor-Kabike.BestBeforeTests";
				PRODUCT_NAME = "$(TARGET_NAME)";
				SWIFT_EMIT_LOC_STRINGS = NO;
				SWIFT_VERSION = 5.0;
				TARGETED_DEVICE_FAMILY = "1,2";
				TEST_HOST = "$(BUILT_PRODUCTS_DIR)/BestBefore.app/$(BUNDLE_EXECUTABLE_FOLDER_PATH)/BestBefore";
			};
			name = Debug;
		};
		FFC0A920289C26EF006E417C /* Release */ = {
			isa = XCBuildConfiguration;
			buildSettings = {
				ALWAYS_EMBED_SWIFT_STANDARD_LIBRARIES = YES;
				BUNDLE_LOADER = "$(TEST_HOST)";
				CODE_SIGN_STYLE = Automatic;
				CURRENT_PROJECT_VERSION = 1;
				GENERATE_INFOPLIST_FILE = YES;
				IPHONEOS_DEPLOYMENT_TARGET = 16.0;
				MARKETING_VERSION = 1.0;
				PRODUCT_BUNDLE_IDENTIFIER = "Victor-Kabike.BestBeforeTests";
				PRODUCT_NAME = "$(TARGET_NAME)";
				SWIFT_EMIT_LOC_STRINGS = NO;
				SWIFT_VERSION = 5.0;
				TARGETED_DEVICE_FAMILY = "1,2";
				TEST_HOST = "$(BUILT_PRODUCTS_DIR)/BestBefore.app/$(BUNDLE_EXECUTABLE_FOLDER_PATH)/BestBefore";
			};
			name = Release;
		};
		FFC0A922289C26EF006E417C /* Debug */ = {
			isa = XCBuildConfiguration;
			buildSettings = {
				ALWAYS_EMBED_SWIFT_STANDARD_LIBRARIES = YES;
				CODE_SIGN_STYLE = Automatic;
				CURRENT_PROJECT_VERSION = 1;
				GENERATE_INFOPLIST_FILE = YES;
				MARKETING_VERSION = 1.0;
				PRODUCT_BUNDLE_IDENTIFIER = "Victor-Kabike.BestBeforeUITests";
				PRODUCT_NAME = "$(TARGET_NAME)";
				SWIFT_EMIT_LOC_STRINGS = NO;
				SWIFT_VERSION = 5.0;
				TARGETED_DEVICE_FAMILY = "1,2";
				TEST_TARGET_NAME = BestBefore;
			};
			name = Debug;
		};
		FFC0A923289C26EF006E417C /* Release */ = {
			isa = XCBuildConfiguration;
			buildSettings = {
				ALWAYS_EMBED_SWIFT_STANDARD_LIBRARIES = YES;
				CODE_SIGN_STYLE = Automatic;
				CURRENT_PROJECT_VERSION = 1;
				GENERATE_INFOPLIST_FILE = YES;
				MARKETING_VERSION = 1.0;
				PRODUCT_BUNDLE_IDENTIFIER = "Victor-Kabike.BestBeforeUITests";
				PRODUCT_NAME = "$(TARGET_NAME)";
				SWIFT_EMIT_LOC_STRINGS = NO;
				SWIFT_VERSION = 5.0;
				TARGETED_DEVICE_FAMILY = "1,2";
				TEST_TARGET_NAME = BestBefore;
			};
			name = Release;
		};
/* End XCBuildConfiguration section */

/* Begin XCConfigurationList section */
		FFC0A8ED289C26EB006E417C /* Build configuration list for PBXProject "BestBefore" */ = {
			isa = XCConfigurationList;
			buildConfigurations = (
				FFC0A919289C26EF006E417C /* Debug */,
				FFC0A91A289C26EF006E417C /* Release */,
			);
			defaultConfigurationIsVisible = 0;
			defaultConfigurationName = Release;
		};
		FFC0A91B289C26EF006E417C /* Build configuration list for PBXNativeTarget "BestBefore" */ = {
			isa = XCConfigurationList;
			buildConfigurations = (
				FFC0A91C289C26EF006E417C /* Debug */,
				FFC0A91D289C26EF006E417C /* Release */,
			);
			defaultConfigurationIsVisible = 0;
			defaultConfigurationName = Release;
		};
		FFC0A91E289C26EF006E417C /* Build configuration list for PBXNativeTarget "BestBeforeTests" */ = {
			isa = XCConfigurationList;
			buildConfigurations = (
				FFC0A91F289C26EF006E417C /* Debug */,
				FFC0A920289C26EF006E417C /* Release */,
			);
			defaultConfigurationIsVisible = 0;
			defaultConfigurationName = Release;
		};
		FFC0A921289C26EF006E417C /* Build configuration list for PBXNativeTarget "BestBeforeUITests" */ = {
			isa = XCConfigurationList;
			buildConfigurations = (
				FFC0A922289C26EF006E417C /* Debug */,
				FFC0A923289C26EF006E417C /* Release */,
			);
			defaultConfigurationIsVisible = 0;
			defaultConfigurationName = Release;
		};
/* End XCConfigurationList section */

/* Begin XCVersionGroup section */
		FFC0A900289C26EF006E417C /* BestBefore.xcdatamodeld */ = {
			isa = XCVersionGroup;
			children = (
				FFC0A901289C26EF006E417C /* BestBefore.xcdatamodel */,
			);
			currentVersion = FFC0A901289C26EF006E417C /* BestBefore.xcdatamodel */;
			path = BestBefore.xcdatamodeld;
			sourceTree = "<group>";
			versionGroupType = wrapper.xcdatamodel;
		};
/* End XCVersionGroup section */
	};
	rootObject = FFC0A8EA289C26EB006E417C /* Project object */;
}
